
Microsoft Visual Studio Solution File, Format Version 12.00
# Visual Studio Version 16
VisualStudioVersion = 16.0.29709.97
MinimumVisualStudioVersion = 10.0.40219.1
Project("{FAE04EC0-301F-11D3-BF4B-00C04F79EFBC}") = "EmployeeManagement", "EmployeeManagement.csproj", "{9092A20A-954B-4590-8789-1936F966E71C}"
EndProject
Global
	GlobalSection(SolutionConfigurationPlatforms) = preSolution
		Debug|Any CPU = Debug|Any CPU
		Release|Any CPU = Release|Any CPU
	EndGlobalSection
	GlobalSection(ProjectConfigurationPlatforms) = postSolution
		{9092A20A-954B-4590-8789-1936F966E71C}.Debug|Any CPU.ActiveCfg = Debug|Any CPU
		{9092A20A-954B-4590-8789-1936F966E71C}.Debug|Any CPU.Build.0 = Debug|Any CPU
		{9092A20A-954B-4590-8789-1936F966E71C}.Release|Any CPU.ActiveCfg = Release|Any CPU
		{9092A20A-954B-4590-8789-1936F966E71C}.Release|Any CPU.Build.0 = Release|Any CPU
	EndGlobalSection
	GlobalSection(SolutionProperties) = preSolution
		HideSolutionNode = FALSE
	EndGlobalSection
	GlobalSection(ExtensibilityGlobals) = postSolution
		SolutionGuid = {56607E1B-2281-45B3-A458-3A257846D00D}
	EndGlobalSection
EndGlobal
